<?xml version="1.0" encoding="utf-8"?>
<Project ToolsVersion="4.0" xmlns="http://schemas.microsoft.com/developer/msbuild/2003">
  <ItemGroup>
    <Filter Include="data">
      <UniqueIdentifier>{d6c8e45b-fb90-440f-a493-4eaa0837a4c7}</UniqueIdentifier>
    </Filter>
    <Filter Include="gfx">
      <UniqueIdentifier>{a0e05dc0-95f3-4548-bb5d-0a6d2384a8f4}</UniqueIdentifier>
    </Filter>
    <Filter Include="math">
      <UniqueIdentifier>{e256be3f-47d1-42b8-aef3-61e8c0edfb64}</UniqueIdentifier>
    </Filter>
    <Filter Include="snd">
      <UniqueIdentifier>{d9b31993-b3b6-4cf3-bfad-a9d8a7937984}</UniqueIdentifier>
    </Filter>
    <Filter Include="thr">
      <UniqueIdentifier>{d7ebda48-fd0d-4968-9dee-30a8a13da936}</UniqueIdentifier>
    </Filter>
    <Filter Include="ui">
      <UniqueIdentifier>{1fb29ff8-8f46-4457-bbdb-89ba17ed1503}</UniqueIdentifier>
    </Filter>
  </ItemGroup>
  <ItemGroup>
    <ClCompile Include="src\data\data_generic.cpp">
      <Filter>data</Filter>
    </ClCompile>
    <ClCompile Include="src\data\log.cpp">
      <Filter>data</Filter>
    </ClCompile>
    <ClCompile Include="src\gfx\buffer.cpp">
      <Filter>gfx</Filter>
    </ClCompile>
    <ClCompile Include="src\gfx\color.cpp">
      <Filter>gfx</Filter>
    </ClCompile>
    <ClCompile Include="src\gfx\color_gradient.cpp">
      <Filter>gfx</Filter>
    </ClCompile>
    <ClCompile Include="src\gfx\entity.cpp">
      <Filter>gfx</Filter>
    </ClCompile>
    <ClCompile Include="src\gfx\entity_camera.cpp">
      <Filter>gfx</Filter>
    </ClCompile>
    <ClCompile Include="src\gfx\entity_object.cpp">
      <Filter>gfx</Filter>
    </ClCompile>
    <ClCompile Include="src\gfx\entity_object_overlay.cpp">
      <Filter>gfx</Filter>
    </ClCompile>
    <ClCompile Include="src\gfx\font.cpp">
      <Filter>gfx</Filter>
    </ClCompile>
    <ClCompile Include="src\gfx\gfx_generic.cpp">
      <Filter>gfx</Filter>
    </ClCompile>
    <ClCompile Include="src\gfx\glyph.cpp">
      <Filter>gfx</Filter>
    </ClCompile>
    <ClCompile Include="src\gfx\height_map_ball.cpp">
      <Filter>gfx</Filter>
    </ClCompile>
    <ClCompile Include="src\gfx\image.cpp">
      <Filter>gfx</Filter>
    </ClCompile>
    <ClCompile Include="src\gfx\image_jpeg.cpp">
      <Filter>gfx</Filter>
    </ClCompile>
    <ClCompile Include="src\gfx\image_png.cpp">
      <Filter>gfx</Filter>
    </ClCompile>
    <ClCompile Include="src\gfx\lod.cpp">
      <Filter>gfx</Filter>
    </ClCompile>
    <ClCompile Include="src\gfx\lod_icosahedron.cpp">
      <Filter>gfx</Filter>
    </ClCompile>
    <ClCompile Include="src\gfx\mesh.cpp">
      <Filter>gfx</Filter>
    </ClCompile>
    <ClCompile Include="src\gfx\mesh_animated.cpp">
      <Filter>gfx</Filter>
    </ClCompile>
    <ClCompile Include="src\gfx\mesh_ball.cpp">
      <Filter>gfx</Filter>
    </ClCompile>
    <ClCompile Include="src\gfx\mesh_icosahedron.cpp">
      <Filter>gfx</Filter>
    </ClCompile>
    <ClCompile Include="src\gfx\mesh_planet.cpp">
      <Filter>gfx</Filter>
    </ClCompile>
    <ClCompile Include="src\gfx\mesh_static.cpp">
      <Filter>gfx</Filter>
    </ClCompile>
    <ClCompile Include="src\gfx\shader.cpp">
      <Filter>gfx</Filter>
    </ClCompile>
    <ClCompile Include="src\gfx\surface.cpp">
      <Filter>gfx</Filter>
    </ClCompile>
    <ClCompile Include="src\gfx\surface_base.cpp">
      <Filter>gfx</Filter>
    </ClCompile>
    <ClCompile Include="src\gfx\surface_fbo.cpp">
      <Filter>gfx</Filter>
    </ClCompile>
    <ClCompile Include="src\gfx\surface_screen.cpp">
      <Filter>gfx</Filter>
    </ClCompile>
    <ClCompile Include="src\gfx\texture.cpp">
      <Filter>gfx</Filter>
    </ClCompile>
    <ClCompile Include="src\gfx\texture_2d.cpp">
      <Filter>gfx</Filter>
    </ClCompile>
    <ClCompile Include="src\gfx\texture_3d.cpp">
      <Filter>gfx</Filter>
    </ClCompile>
    <ClCompile Include="src\gfx\volume.cpp">
      <Filter>gfx</Filter>
    </ClCompile>
    <ClCompile Include="src\gfx\volume_base.cpp">
      <Filter>gfx</Filter>
    </ClCompile>
    <ClCompile Include="src\math\random.cpp">
      <Filter>math</Filter>
    </ClCompile>
    <ClCompile Include="src\thr\dispatch.cpp">
      <Filter>thr</Filter>
    </ClCompile>
    <ClCompile Include="src\thr\thr_generic.cpp">
      <Filter>thr</Filter>
    </ClCompile>
    <ClCompile Include="src\snd\audio_device.cpp">
      <Filter>snd</Filter>
    </ClCompile>
    <ClCompile Include="src\snd\sample.cpp">
      <Filter>snd</Filter>
    </ClCompile>
    <ClCompile Include="src\snd\snd_generic.cpp">
      <Filter>snd</Filter>
    </ClCompile>
    <ClCompile Include="src\snd\source.cpp">
      <Filter>snd</Filter>
    </ClCompile>
    <ClCompile Include="src\snd\source_bank.cpp">
      <Filter>snd</Filter>
    </ClCompile>
    <ClCompile Include="src\snd\stream.cpp">
      <Filter>snd</Filter>
    </ClCompile>
    <ClCompile Include="src\ui\console.cpp">
      <Filter>ui</Filter>
    </ClCompile>
    <ClCompile Include="src\ui\console_state.cpp">
      <Filter>ui</Filter>
    </ClCompile>
    <ClCompile Include="src\ui\fps_counter.cpp">
      <Filter>ui</Filter>
    </ClCompile>
    <ClCompile Include="src\ui\input_line.cpp">
      <Filter>ui</Filter>
    </ClCompile>
    <ClCompile Include="src\ui\text_area.cpp">
      <Filter>ui</Filter>
    </ClCompile>
    <ClCompile Include="src\ui\text_rect.cpp">
      <Filter>ui</Filter>
    </ClCompile>
    <ClCompile Include="src\ui\text_row.cpp">
      <Filter>ui</Filter>
    </ClCompile>
    <ClCompile Include="src\ui\text_word.cpp">
      <Filter>ui</Filter>
    </ClCompile>
    <ClCompile Include="src\ui\ui_generic.cpp">
      <Filter>ui</Filter>
    </ClCompile>
    <ClCompile Include="src\ui\ui_stack.cpp">
      <Filter>ui</Filter>
    </ClCompile>
    <ClCompile Include="src\ui\ui_state.cpp">
      <Filter>ui</Filter>
    </ClCompile>
    <ClCompile Include="src\ob_appearing_string.cpp" />
    <ClCompile Include="src\ob_atmosphere.cpp" />
    <ClCompile Include="src\ob_billboard.cpp" />
    <ClCompile Include="src\ob_bullet_flak.cpp" />
    <ClCompile Include="src\ob_bullet_railgun.cpp" />
    <ClCompile Include="src\ob_city.cpp" />
    <ClCompile Include="src\ob_collision_element.cpp" />
    <ClCompile Include="src\ob_console.cpp" />
    <ClCompile Include="src\ob_console_state.cpp" />
    <ClCompile Include="src\ob_fade.cpp" />
    <ClCompile Include="src\ob_game.cpp" />
    <ClCompile Include="src\ob_game_view.cpp" />
    <ClCompile Include="src\ob_globals.cpp" />
    <ClCompile Include="src\ob_height_map_planet.cpp" />
    <ClCompile Include="src\ob_high_score_state.cpp" />
    <ClCompile Include="src\ob_high_scores.cpp" />
    <ClCompile Include="src\ob_lifetime.cpp" />
    <ClCompile Include="src\ob_main.cpp" />
    <ClCompile Include="src\ob_menu.cpp" />
    <ClCompile Include="src\ob_menu_state.cpp" />
    <ClCompile Include="src\ob_missile.cpp" />
    <ClCompile Include="src\ob_missile_anti.cpp" />
    <ClCompile Include="src\ob_missile_nuke.cpp" />
    <ClCompile Include="src\ob_octree.cpp" />
    <ClCompile Include="src\ob_particle.cpp" />
    <ClCompile Include="src\ob_planet.cpp" />
    <ClCompile Include="src\ob_population_map.cpp" />
    <ClCompile Include="src\ob_settings.cpp" />
    <ClCompile Include="src\ob_silo.cpp" />
    <ClCompile Include="src\ob_space_element.cpp" />
    <ClCompile Include="src\ob_surface_element.cpp" />
    <ClCompile Include="src\ob_visualization.cpp" />
    <ClCompile Include="src\ob_visualization_city.cpp" />
    <ClCompile Include="src\ob_visualization_distort.cpp" />
    <ClCompile Include="src\ob_visualization_flak.cpp" />
    <ClCompile Include="src\ob_visualization_mesh.cpp" />
    <ClCompile Include="src\ob_visualization_nuke.cpp" />
    <ClCompile Include="src\ob_visualization_orbit.cpp" />
    <ClCompile Include="src\ob_visualization_railgun.cpp" />
    <ClCompile Include="src\ob_visualization_sun.cpp" />
    <ClCompile Include="src\thr\thread_storage.cpp">
      <Filter>thr</Filter>
    </ClCompile>
    <ClCompile Include="src\gfx\attribute.cpp">
      <Filter>gfx</Filter>
    </ClCompile>
    <ClCompile Include="src\data\xml_file.cpp">
      <Filter>data</Filter>
    </ClCompile>
  </ItemGroup>
  <ItemGroup>
    <ClInclude Include="src\data\generic.hpp">
      <Filter>data</Filter>
    </ClInclude>
    <ClInclude Include="src\data\loader_settings.hpp">
      <Filter>data</Filter>
    </ClInclude>
    <ClInclude Include="src\data\log.hpp">
      <Filter>data</Filter>
    </ClInclude>
    <ClInclude Include="src\data\store.hpp">
      <Filter>data</Filter>
    </ClInclude>
    <ClInclude Include="src\gfx\array.hpp">
      <Filter>gfx</Filter>
    </ClInclude>
    <ClInclude Include="src\gfx\attribute.hpp">
      <Filter>gfx</Filter>
    </ClInclude>
    <ClInclude Include="src\gfx\buffer.hpp">
      <Filter>gfx</Filter>
    </ClInclude>
    <ClInclude Include="src\gfx\color.hpp">
      <Filter>gfx</Filter>
    </ClInclude>
    <ClInclude Include="src\gfx\color_gradient.hpp">
      <Filter>gfx</Filter>
    </ClInclude>
    <ClInclude Include="src\gfx\edge.hpp">
      <Filter>gfx</Filter>
    </ClInclude>
    <ClInclude Include="src\gfx\entity.hpp">
      <Filter>gfx</Filter>
    </ClInclude>
    <ClInclude Include="src\gfx\entity_camera.hpp">
      <Filter>gfx</Filter>
    </ClInclude>
    <ClInclude Include="src\gfx\entity_object.hpp">
      <Filter>gfx</Filter>
    </ClInclude>
    <ClInclude Include="src\gfx\entity_object_overlay.hpp">
      <Filter>gfx</Filter>
    </ClInclude>
    <ClInclude Include="src\gfx\font.hpp">
      <Filter>gfx</Filter>
    </ClInclude>
    <ClInclude Include="src\gfx\font_loader.hpp">
      <Filter>gfx</Filter>
    </ClInclude>
    <ClInclude Include="src\gfx\generic.hpp">
      <Filter>gfx</Filter>
    </ClInclude>
    <ClInclude Include="src\gfx\geometry_array.hpp">
      <Filter>gfx</Filter>
    </ClInclude>
    <ClInclude Include="src\gfx\glyph.hpp">
      <Filter>gfx</Filter>
    </ClInclude>
    <ClInclude Include="src\gfx\height_map_ball.hpp">
      <Filter>gfx</Filter>
    </ClInclude>
    <ClInclude Include="src\gfx\image.hpp">
      <Filter>gfx</Filter>
    </ClInclude>
    <ClInclude Include="src\gfx\image_jpeg.hpp">
      <Filter>gfx</Filter>
    </ClInclude>
    <ClInclude Include="src\gfx\image_loader.hpp">
      <Filter>gfx</Filter>
    </ClInclude>
    <ClInclude Include="src\gfx\image_png.hpp">
      <Filter>gfx</Filter>
    </ClInclude>
    <ClInclude Include="src\gfx\light_directional.hpp">
      <Filter>gfx</Filter>
    </ClInclude>
    <ClInclude Include="src\gfx\lod.hpp">
      <Filter>gfx</Filter>
    </ClInclude>
    <ClInclude Include="src\gfx\lod_icosahedron.hpp">
      <Filter>gfx</Filter>
    </ClInclude>
    <ClInclude Include="src\gfx\mesh.hpp">
      <Filter>gfx</Filter>
    </ClInclude>
    <ClInclude Include="src\gfx\mesh_animated.hpp">
      <Filter>gfx</Filter>
    </ClInclude>
    <ClInclude Include="src\gfx\mesh_ball.hpp">
      <Filter>gfx</Filter>
    </ClInclude>
    <ClInclude Include="src\gfx\mesh_icosahedron.hpp">
      <Filter>gfx</Filter>
    </ClInclude>
    <ClInclude Include="src\gfx\mesh_loader.hpp">
      <Filter>gfx</Filter>
    </ClInclude>
    <ClInclude Include="src\gfx\mesh_planet.hpp">
      <Filter>gfx</Filter>
    </ClInclude>
    <ClInclude Include="src\gfx\mesh_static.hpp">
      <Filter>gfx</Filter>
    </ClInclude>
    <ClInclude Include="src\gfx\point_sprite.hpp">
      <Filter>gfx</Filter>
    </ClInclude>
    <ClInclude Include="src\gfx\point_sprite_array.hpp">
      <Filter>gfx</Filter>
    </ClInclude>
    <ClInclude Include="src\gfx\shader.hpp">
      <Filter>gfx</Filter>
    </ClInclude>
    <ClInclude Include="src\gfx\surface.hpp">
      <Filter>gfx</Filter>
    </ClInclude>
    <ClInclude Include="src\gfx\surface_base.hpp">
      <Filter>gfx</Filter>
    </ClInclude>
    <ClInclude Include="src\gfx\surface_fbo.hpp">
      <Filter>gfx</Filter>
    </ClInclude>
    <ClInclude Include="src\gfx\surface_screen.hpp">
      <Filter>gfx</Filter>
    </ClInclude>
    <ClInclude Include="src\gfx\texture.hpp">
      <Filter>gfx</Filter>
    </ClInclude>
    <ClInclude Include="src\gfx\texture_2d.hpp">
      <Filter>gfx</Filter>
    </ClInclude>
    <ClInclude Include="src\gfx\texture_3d.hpp">
      <Filter>gfx</Filter>
    </ClInclude>
    <ClInclude Include="src\gfx\triangle.hpp">
      <Filter>gfx</Filter>
    </ClInclude>
    <ClInclude Include="src\gfx\uniform.hpp">
      <Filter>gfx</Filter>
    </ClInclude>
    <ClInclude Include="src\gfx\volume.hpp">
      <Filter>gfx</Filter>
    </ClInclude>
    <ClInclude Include="src\gfx\volume_base.hpp">
      <Filter>gfx</Filter>
    </ClInclude>
    <ClInclude Include="src\math\generic.hpp">
      <Filter>math</Filter>
    </ClInclude>
    <ClInclude Include="src\math\mat.hpp">
      <Filter>math</Filter>
    </ClInclude>
    <ClInclude Include="src\math\random.hpp">
      <Filter>math</Filter>
    </ClInclude>
    <ClInclude Include="src\math\rect.hpp">
      <Filter>math</Filter>
    </ClInclude>
    <ClInclude Include="src\math\vec.hpp">
      <Filter>math</Filter>
    </ClInclude>
    <ClInclude Include="src\thr\dispatch.hpp">
      <Filter>thr</Filter>
    </ClInclude>
    <ClInclude Include="src\thr\generic.hpp">
      <Filter>thr</Filter>
    </ClInclude>
    <ClInclude Include="src\snd\audio_device.hpp">
      <Filter>snd</Filter>
    </ClInclude>
    <ClInclude Include="src\snd\generic.hpp">
      <Filter>snd</Filter>
    </ClInclude>
    <ClInclude Include="src\snd\sample.hpp">
      <Filter>snd</Filter>
    </ClInclude>
    <ClInclude Include="src\snd\sample_loader.hpp">
      <Filter>snd</Filter>
    </ClInclude>
    <ClInclude Include="src\snd\source.hpp">
      <Filter>snd</Filter>
    </ClInclude>
    <ClInclude Include="src\snd\source_bank.hpp">
      <Filter>snd</Filter>
    </ClInclude>
    <ClInclude Include="src\snd\stream.hpp">
      <Filter>snd</Filter>
    </ClInclude>
    <ClInclude Include="src\ui\console.hpp">
      <Filter>ui</Filter>
    </ClInclude>
    <ClInclude Include="src\ui\console_state.hpp">
      <Filter>ui</Filter>
    </ClInclude>
    <ClInclude Include="src\ui\event.hpp">
      <Filter>ui</Filter>
    </ClInclude>
    <ClInclude Include="src\ui\event_key.hpp">
      <Filter>ui</Filter>
    </ClInclude>
    <ClInclude Include="src\ui\event_misc.hpp">
      <Filter>ui</Filter>
    </ClInclude>
    <ClInclude Include="src\ui\event_mouse_button.hpp">
      <Filter>ui</Filter>
    </ClInclude>
    <ClInclude Include="src\ui\event_mouse_motion.hpp">
      <Filter>ui</Filter>
    </ClInclude>
    <ClInclude Include="src\ui\fps_counter.hpp">
      <Filter>ui</Filter>
    </ClInclude>
    <ClInclude Include="src\ui\generic.hpp">
      <Filter>ui</Filter>
    </ClInclude>
    <ClInclude Include="src\ui\input_line.hpp">
      <Filter>ui</Filter>
    </ClInclude>
    <ClInclude Include="src\ui\text_area.hpp">
      <Filter>ui</Filter>
    </ClInclude>
    <ClInclude Include="src\ui\text_rect.hpp">
      <Filter>ui</Filter>
    </ClInclude>
    <ClInclude Include="src\ui\text_row.hpp">
      <Filter>ui</Filter>
    </ClInclude>
    <ClInclude Include="src\ui\text_word.hpp">
      <Filter>ui</Filter>
    </ClInclude>
    <ClInclude Include="src\ui\ui_stack.hpp">
      <Filter>ui</Filter>
    </ClInclude>
    <ClInclude Include="src\ui\ui_state.hpp">
      <Filter>ui</Filter>
    </ClInclude>
    <ClInclude Include="src\defaults.hpp" />
    <ClInclude Include="src\ob_appearing_string.hpp" />
    <ClInclude Include="src\ob_atmosphere.hpp" />
    <ClInclude Include="src\ob_billboard.hpp" />
    <ClInclude Include="src\ob_bullet_flak.hpp" />
    <ClInclude Include="src\ob_bullet_railgun.hpp" />
    <ClInclude Include="src\ob_city.hpp" />
    <ClInclude Include="src\ob_collision_element.hpp" />
    <ClInclude Include="src\ob_console.hpp" />
    <ClInclude Include="src\ob_console_state.hpp" />
    <ClInclude Include="src\ob_constants.hpp" />
    <ClInclude Include="src\ob_fade.hpp" />
    <ClInclude Include="src\ob_game.hpp" />
    <ClInclude Include="src\ob_game_view.hpp" />
    <ClInclude Include="src\ob_globals.hpp" />
    <ClInclude Include="src\ob_height_map_planet.hpp" />
    <ClInclude Include="src\ob_high_score_state.hpp" />
    <ClInclude Include="src\ob_high_scores.hpp" />
    <ClInclude Include="src\ob_lifetime.hpp" />
    <ClInclude Include="src\ob_menu.hpp" />
    <ClInclude Include="src\ob_menu_state.hpp" />
    <ClInclude Include="src\ob_missile.hpp" />
    <ClInclude Include="src\ob_missile_anti.hpp" />
    <ClInclude Include="src\ob_missile_nuke.hpp" />
    <ClInclude Include="src\ob_octree.hpp" />
    <ClInclude Include="src\ob_overlay_line.hpp" />
    <ClInclude Include="src\ob_overlay_line_array.hpp" />
    <ClInclude Include="src\ob_particle.hpp" />
    <ClInclude Include="src\ob_planet.hpp" />
    <ClInclude Include="src\ob_population_map.hpp" />
    <ClInclude Include="src\ob_settings.hpp" />
    <ClInclude Include="src\ob_silo.hpp" />
    <ClInclude Include="src\ob_space_element.hpp" />
    <ClInclude Include="src\ob_surface_element.hpp" />
    <ClInclude Include="src\ob_target.hpp" />
    <ClInclude Include="src\ob_visualization.hpp" />
    <ClInclude Include="src\ob_visualization_city.hpp" />
    <ClInclude Include="src\ob_visualization_distort.hpp" />
    <ClInclude Include="src\ob_visualization_flak.hpp" />
    <ClInclude Include="src\ob_visualization_mesh.hpp" />
    <ClInclude Include="src\ob_visualization_nuke.hpp" />
    <ClInclude Include="src\ob_visualization_orbit.hpp" />
    <ClInclude Include="src\ob_visualization_railgun.hpp" />
    <ClInclude Include="src\ob_visualization_sun.hpp" />
    <ClInclude Include="src\gfx\shader_loader.hpp">
      <Filter>gfx</Filter>
    </ClInclude>
    <ClInclude Include="src\thr\promise.hpp">
      <Filter>thr</Filter>
    </ClInclude>
    <ClInclude Include="src\data\circular_buffer.hpp">
      <Filter>data</Filter>
    </ClInclude>
    <ClInclude Include="src\thr\thread_storage.hpp">
      <Filter>thr</Filter>
    </ClInclude>
    <ClInclude Include="src\thr\worker_thread.hpp">
      <Filter>thr</Filter>
    </ClInclude>
    <ClInclude Include="src\data\registry.hpp">
      <Filter>data</Filter>
    </ClInclude>
    <ClInclude Include="src\data\xml_file.hpp">
      <Filter>data</Filter>
    </ClInclude>
  </ItemGroup>
</Project>