
Microsoft Visual Studio Solution File, Format Version 11.00
# Visual C++ Express 2010
Project("{8BC9CEB8-8B4A-11D0-8D11-00A0C91BC942}") = "orbital_bombardment", "orbital_bombardment.vcxproj", "{7EA830F1-DCB2-46FD-8BCA-85F1CEBB7941}"
EndProject
Global
	GlobalSection(SolutionConfigurationPlatforms) = preSolution
		Debug|Win32 = Debug|Win32
		Release|Win32 = Release|Win32
	EndGlobalSection
	GlobalSection(ProjectConfigurationPlatforms) = postSolution
		{7EA830F1-DCB2-46FD-8BCA-85F1CEBB7941}.Debug|Win32.ActiveCfg = Debug|Win32
		{7EA830F1-DCB2-46FD-8BCA-85F1CEBB7941}.Debug|Win32.Build.0 = Debug|Win32
		{7EA830F1-DCB2-46FD-8BCA-85F1CEBB7941}.Release|Win32.ActiveCfg = Release|Win32
		{7EA830F1-DCB2-46FD-8BCA-85F1CEBB7941}.Release|Win32.Build.0 = Release|Win32
	EndGlobalSection
	GlobalSection(SolutionProperties) = preSolution
		HideSolutionNode = FALSE
	EndGlobalSection
EndGlobal
